
Microsoft Visual Studio Solution File, Format Version 12.00
# Visual Studio Version 16
VisualStudioVersion = 16.0.30223.230
MinimumVisualStudioVersion = 10.0.40219.1
Project("{9A19103F-16F7-4668-BE54-9A1E7A4F7556}") = "Homework", "src\Homework\Homework.csproj", "{D84F7444-71FA-4E7E-B9E2-FFFA9F03DBF1}"
EndProject
Project("{FAE04EC0-301F-11D3-BF4B-00C04F79EFBC}") = "Homework.Tests", "tests\Homework.Tests\Homework.Tests.csproj", "{D26D8463-7F73-457B-A157-B8DDA6D1CD77}"
EndProject
Project("{2150E333-8FDC-42A3-9474-1A3956D46DE8}") = "src", "src", "{777D9ACB-1A23-4198-B13A-60FA267ADCA8}"
EndProject
Project("{2150E333-8FDC-42A3-9474-1A3956D46DE8}") = "tests", "tests", "{39BC4E9F-8DED-434F-B851-116530C875CC}"
EndProject
Global
	GlobalSection(SolutionConfigurationPlatforms) = preSolution
		Debug|Any CPU = Debug|Any CPU
		Release|Any CPU = Release|Any CPU
	EndGlobalSection
	GlobalSection(ProjectConfigurationPlatforms) = postSolution
		{D84F7444-71FA-4E7E-B9E2-FFFA9F03DBF1}.Debug|Any CPU.ActiveCfg = Debug|Any CPU
		{D84F7444-71FA-4E7E-B9E2-FFFA9F03DBF1}.Debug|Any CPU.Build.0 = Debug|Any CPU
		{D84F7444-71FA-4E7E-B9E2-FFFA9F03DBF1}.Release|Any CPU.ActiveCfg = Release|Any CPU
		{D84F7444-71FA-4E7E-B9E2-FFFA9F03DBF1}.Release|Any CPU.Build.0 = Release|Any CPU
		{D26D8463-7F73-457B-A157-B8DDA6D1CD77}.Debug|Any CPU.ActiveCfg = Debug|Any CPU
		{D26D8463-7F73-457B-A157-B8DDA6D1CD77}.Debug|Any CPU.Build.0 = Debug|Any CPU
		{D26D8463-7F73-457B-A157-B8DDA6D1CD77}.Release|Any CPU.ActiveCfg = Release|Any CPU
		{D26D8463-7F73-457B-A157-B8DDA6D1CD77}.Release|Any CPU.Build.0 = Release|Any CPU
	EndGlobalSection
	GlobalSection(SolutionProperties) = preSolution
		HideSolutionNode = FALSE
	EndGlobalSection
	GlobalSection(NestedProjects) = preSolution
		{D84F7444-71FA-4E7E-B9E2-FFFA9F03DBF1} = {777D9ACB-1A23-4198-B13A-60FA267ADCA8}
		{D26D8463-7F73-457B-A157-B8DDA6D1CD77} = {39BC4E9F-8DED-434F-B851-116530C875CC}
	EndGlobalSection
	GlobalSection(ExtensibilityGlobals) = postSolution
		SolutionGuid = {58962F2F-C638-43C1-B4FD-8D271F8C55F0}
	EndGlobalSection
EndGlobal
